dependencies:
  esbuild: 0.8.56
  esbuild-register: 2.2.0_esbuild@0.8.56
lockfileVersion: 5.2
packages:
  /esbuild-register/2.2.0_esbuild@0.8.56:
    dependencies:
      esbuild: 0.8.56
      jsonc-parser: 3.0.0
    dev: false
    peerDependencies:
      esbuild: '>=0.8.31'
    resolution:
      integrity: sha512-27039YMtpC3lI8yYGGm78SAQBtBo/4IPMReWVsNh4++VtvozmasBd1a2HiTdk0297iuA2pMzrzvL5cZJqQCKxQ==
  /esbuild/0.8.56:
    dev: false
    hasBin: true
    requiresBuild: true
    resolution:
      integrity: sha512-PTMdAWK3JI2MNW811znGssGP5GR44tQPr++VQ1rPP0n8Z1cTKbCPD3S/kXPLr3ZZDIwAaVm08fuFym6Rp8l/0A==
  /jsonc-parser/3.0.0:
    dev: false
    resolution:
      integrity: sha512-fQzRfAbIBnR0IQvftw9FJveWiHp72Fg20giDrHz6TdfB12UH/uue0D3hm57UB5KgAVuniLMCaS8P1IMj9NR7cA==
specifiers:
  esbuild: ^0.8.56
  esbuild-register: ^2.2.0
